
Microsoft Visual Studio Solution File, Format Version 12.00
# Visual Studio Version 17
VisualStudioVersion = 17.5.33516.290
MinimumVisualStudioVersion = 10.0.40219.1
Project("{8BC9CEB8-8B4A-11D0-8D11-00A0C91BC942}") = "OCRengine", "OCRengine\OCRengine.vcxproj", "{64569EE0-D1D2-46A1-AA57-DEB16065A40E}"
EndProject
Project("{FAE04EC0-301F-11D3-BF4B-00C04F79EFBC}") = "bunkoOCR", "bunkoOCR\bunkoOCR.csproj", "{003728C3-7025-4D36-8174-261BB49E0A2B}"
EndProject
Project("{FAE04EC0-301F-11D3-BF4B-00C04F79EFBC}") = "jsonToText", "jsonToText\jsonToText.csproj", "{2C6F517C-2F9E-4BB8-93B9-5368F3A04DCC}"
EndProject
Project("{8BC9CEB8-8B4A-11D0-8D11-00A0C91BC942}") = "detectGPU", "detectGPU\detectGPU.vcxproj", "{202A6002-8F9E-498D-A99E-A43468399FD6}"
EndProject
Global
	GlobalSection(SolutionConfigurationPlatforms) = preSolution
		Debug|Any CPU = Debug|Any CPU
		Debug|x64 = Debug|x64
		Debug|x86 = Debug|x86
		Release|Any CPU = Release|Any CPU
		Release|x64 = Release|x64
		Release|x86 = Release|x86
	EndGlobalSection
	GlobalSection(ProjectConfigurationPlatforms) = postSolution
		{64569EE0-D1D2-46A1-AA57-DEB16065A40E}.Debug|Any CPU.ActiveCfg = Debug|x64
		{64569EE0-D1D2-46A1-AA57-DEB16065A40E}.Debug|Any CPU.Build.0 = Debug|x64
		{64569EE0-D1D2-46A1-AA57-DEB16065A40E}.Debug|x64.ActiveCfg = Debug|x64
		{64569EE0-D1D2-46A1-AA57-DEB16065A40E}.Debug|x64.Build.0 = Debug|x64
		{64569EE0-D1D2-46A1-AA57-DEB16065A40E}.Debug|x86.ActiveCfg = Debug|Win32
		{64569EE0-D1D2-46A1-AA57-DEB16065A40E}.Debug|x86.Build.0 = Debug|Win32
		{64569EE0-D1D2-46A1-AA57-DEB16065A40E}.Release|Any CPU.ActiveCfg = Release|x64
		{64569EE0-D1D2-46A1-AA57-DEB16065A40E}.Release|Any CPU.Build.0 = Release|x64
		{64569EE0-D1D2-46A1-AA57-DEB16065A40E}.Release|x64.ActiveCfg = Release|x64
		{64569EE0-D1D2-46A1-AA57-DEB16065A40E}.Release|x64.Build.0 = Release|x64
		{64569EE0-D1D2-46A1-AA57-DEB16065A40E}.Release|x86.ActiveCfg = Release|Win32
		{64569EE0-D1D2-46A1-AA57-DEB16065A40E}.Release|x86.Build.0 = Release|Win32
		{003728C3-7025-4D36-8174-261BB49E0A2B}.Debug|Any CPU.ActiveCfg = Debug|Any CPU
		{003728C3-7025-4D36-8174-261BB49E0A2B}.Debug|Any CPU.Build.0 = Debug|Any CPU
		{003728C3-7025-4D36-8174-261BB49E0A2B}.Debug|x64.ActiveCfg = Debug|Any CPU
		{003728C3-7025-4D36-8174-261BB49E0A2B}.Debug|x64.Build.0 = Debug|Any CPU
		{003728C3-7025-4D36-8174-261BB49E0A2B}.Debug|x86.ActiveCfg = Debug|Any CPU
		{003728C3-7025-4D36-8174-261BB49E0A2B}.Debug|x86.Build.0 = Debug|Any CPU
		{003728C3-7025-4D36-8174-261BB49E0A2B}.Release|Any CPU.ActiveCfg = Release|Any CPU
		{003728C3-7025-4D36-8174-261BB49E0A2B}.Release|Any CPU.Build.0 = Release|Any CPU
		{003728C3-7025-4D36-8174-261BB49E0A2B}.Release|x64.ActiveCfg = Release|Any CPU
		{003728C3-7025-4D36-8174-261BB49E0A2B}.Release|x64.Build.0 = Release|Any CPU
		{003728C3-7025-4D36-8174-261BB49E0A2B}.Release|x86.ActiveCfg = Release|Any CPU
		{003728C3-7025-4D36-8174-261BB49E0A2B}.Release|x86.Build.0 = Release|Any CPU
		{2C6F517C-2F9E-4BB8-93B9-5368F3A04DCC}.Debug|Any CPU.ActiveCfg = Debug|Any CPU
		{2C6F517C-2F9E-4BB8-93B9-5368F3A04DCC}.Debug|Any CPU.Build.0 = Debug|Any CPU
		{2C6F517C-2F9E-4BB8-93B9-5368F3A04DCC}.Debug|x64.ActiveCfg = Debug|Any CPU
		{2C6F517C-2F9E-4BB8-93B9-5368F3A04DCC}.Debug|x64.Build.0 = Debug|Any CPU
		{2C6F517C-2F9E-4BB8-93B9-5368F3A04DCC}.Debug|x86.ActiveCfg = Debug|Any CPU
		{2C6F517C-2F9E-4BB8-93B9-5368F3A04DCC}.Debug|x86.Build.0 = Debug|Any CPU
		{2C6F517C-2F9E-4BB8-93B9-5368F3A04DCC}.Release|Any CPU.ActiveCfg = Release|Any CPU
		{2C6F517C-2F9E-4BB8-93B9-5368F3A04DCC}.Release|Any CPU.Build.0 = Release|Any CPU
		{2C6F517C-2F9E-4BB8-93B9-5368F3A04DCC}.Release|x64.ActiveCfg = Release|Any CPU
		{2C6F517C-2F9E-4BB8-93B9-5368F3A04DCC}.Release|x64.Build.0 = Release|Any CPU
		{2C6F517C-2F9E-4BB8-93B9-5368F3A04DCC}.Release|x86.ActiveCfg = Release|Any CPU
		{2C6F517C-2F9E-4BB8-93B9-5368F3A04DCC}.Release|x86.Build.0 = Release|Any CPU
		{202A6002-8F9E-498D-A99E-A43468399FD6}.Debug|Any CPU.ActiveCfg = Debug|x64
		{202A6002-8F9E-498D-A99E-A43468399FD6}.Debug|Any CPU.Build.0 = Debug|x64
		{202A6002-8F9E-498D-A99E-A43468399FD6}.Debug|x64.ActiveCfg = Debug|x64
		{202A6002-8F9E-498D-A99E-A43468399FD6}.Debug|x64.Build.0 = Debug|x64
		{202A6002-8F9E-498D-A99E-A43468399FD6}.Debug|x86.ActiveCfg = Debug|Win32
		{202A6002-8F9E-498D-A99E-A43468399FD6}.Debug|x86.Build.0 = Debug|Win32
		{202A6002-8F9E-498D-A99E-A43468399FD6}.Release|Any CPU.ActiveCfg = Release|x64
		{202A6002-8F9E-498D-A99E-A43468399FD6}.Release|Any CPU.Build.0 = Release|x64
		{202A6002-8F9E-498D-A99E-A43468399FD6}.Release|x64.ActiveCfg = Release|x64
		{202A6002-8F9E-498D-A99E-A43468399FD6}.Release|x64.Build.0 = Release|x64
		{202A6002-8F9E-498D-A99E-A43468399FD6}.Release|x86.ActiveCfg = Release|Win32
		{202A6002-8F9E-498D-A99E-A43468399FD6}.Release|x86.Build.0 = Release|Win32
	EndGlobalSection
	GlobalSection(SolutionProperties) = preSolution
		HideSolutionNode = FALSE
	EndGlobalSection
	GlobalSection(ExtensibilityGlobals) = postSolution
		SolutionGuid = {0627CF78-789C-4C36-A760-D474AEA16F64}
	EndGlobalSection
EndGlobal
